
Microsoft Visual Studio Solution File, Format Version 12.00
# Visual Studio Version 17
VisualStudioVersion = 17.11.35431.28
MinimumVisualStudioVersion = 10.0.40219.1
Project("{FAE04EC0-301F-11D3-BF4B-00C04F79EFBC}") = "EstacionamentoApi", "EstacionamentoApi\EstacionamentoApi.csproj", "{06169E26-99D6-40DA-8A72-6CAFE758DF20}"
EndProject
Global
	GlobalSection(SolutionConfigurationPlatforms) = preSolution
		Debug|Any CPU = Debug|Any CPU
		Release|Any CPU = Release|Any CPU
	EndGlobalSection
	GlobalSection(ProjectConfigurationPlatforms) = postSolution
		{06169E26-99D6-40DA-8A72-6CAFE758DF20}.Debug|Any CPU.ActiveCfg = Debug|Any CPU
		{06169E26-99D6-40DA-8A72-6CAFE758DF20}.Debug|Any CPU.Build.0 = Debug|Any CPU
		{06169E26-99D6-40DA-8A72-6CAFE758DF20}.Release|Any CPU.ActiveCfg = Release|Any CPU
		{06169E26-99D6-40DA-8A72-6CAFE758DF20}.Release|Any CPU.Build.0 = Release|Any CPU
	EndGlobalSection
	GlobalSection(SolutionProperties) = preSolution
		HideSolutionNode = FALSE
	EndGlobalSection
	GlobalSection(ExtensibilityGlobals) = postSolution
		SolutionGuid = {7CF292AF-E015-4647-AFA2-E5795C90FE69}
	EndGlobalSection
EndGlobal
